
Microsoft Visual Studio Solution File, Format Version 12.00
# Visual Studio Version 16
VisualStudioVersion = 16.0.30014.187
MinimumVisualStudioVersion = 10.0.40219.1
Project("{FAE04EC0-301F-11D3-BF4B-00C04F79EFBC}") = "Talista.Demo.Api", "Talista.Demo.Api\Talista.Demo.Api.csproj", "{37791299-321F-4E4F-BEE8-6A799D665769}"
EndProject
Project("{2150E333-8FDC-42A3-9474-1A3956D46DE8}") = "Solution Items", "Solution Items", "{F5A012B0-182F-4014-8005-8E138458C809}"
	ProjectSection(SolutionItems) = preProject
		.editorconfig = .editorconfig
		.gitignore = .gitignore
		LICENSE = LICENSE
	EndProjectSection
EndProject
Global
	GlobalSection(SolutionConfigurationPlatforms) = preSolution
		Debug|Any CPU = Debug|Any CPU
		Release|Any CPU = Release|Any CPU
	EndGlobalSection
	GlobalSection(ProjectConfigurationPlatforms) = postSolution
		{37791299-321F-4E4F-BEE8-6A799D665769}.Debug|Any CPU.ActiveCfg = Debug|Any CPU
		{37791299-321F-4E4F-BEE8-6A799D665769}.Debug|Any CPU.Build.0 = Debug|Any CPU
		{37791299-321F-4E4F-BEE8-6A799D665769}.Release|Any CPU.ActiveCfg = Release|Any CPU
		{37791299-321F-4E4F-BEE8-6A799D665769}.Release|Any CPU.Build.0 = Release|Any CPU
	EndGlobalSection
	GlobalSection(SolutionProperties) = preSolution
		HideSolutionNode = FALSE
	EndGlobalSection
	GlobalSection(ExtensibilityGlobals) = postSolution
		SolutionGuid = {5C59DF57-3D66-4157-8BB7-D00B45FE05E7}
	EndGlobalSection
EndGlobal
